
Microsoft Visual Studio Solution File, Format Version 12.00
# Visual Studio 2015
Project("{FAE04EC0-301F-11D3-BF4B-00C04F79EFBC}") = "MazeVR_Start copy.CSharp", "MazeVR_Start copy.CSharp.csproj", "{B78FFED2-C0C1-9057-9CA7-E22D85C401D0}"
EndProject
Global
	GlobalSection(SolutionConfigurationPlatforms) = preSolution
		Debug|Any CPU = Debug|Any CPU
		Release|Any CPU = Release|Any CPU
	EndGlobalSection
	GlobalSection(ProjectConfigurationPlatforms) = postSolution
		{B78FFED2-C0C1-9057-9CA7-E22D85C401D0}.Debug|Any CPU.ActiveCfg = Debug|Any CPU
		{B78FFED2-C0C1-9057-9CA7-E22D85C401D0}.Debug|Any CPU.Build.0 = Debug|Any CPU
		{B78FFED2-C0C1-9057-9CA7-E22D85C401D0}.Release|Any CPU.ActiveCfg = Release|Any CPU
		{B78FFED2-C0C1-9057-9CA7-E22D85C401D0}.Release|Any CPU.Build.0 = Release|Any CPU
	EndGlobalSection
	GlobalSection(SolutionProperties) = preSolution
		HideSolutionNode = FALSE
	EndGlobalSection
EndGlobal
